
Microsoft Visual Studio Solution File, Format Version 12.00
# Visual Studio Version 17
VisualStudioVersion = 17.3.32929.385
MinimumVisualStudioVersion = 10.0.40219.1
Project("{FAE04EC0-301F-11D3-BF4B-00C04F79EFBC}") = "Ventas.UWP", "Ventas\Ventas.UWP\Ventas.UWP.csproj", "{6B18FAA5-78F5-4D4A-943E-272197E1BD07}"
EndProject
Project("{FAE04EC0-301F-11D3-BF4B-00C04F79EFBC}") = "Ventas.Android", "Ventas\Ventas.Android\Ventas.Android.csproj", "{8B9779E2-EFA5-42C5-AFE0-92D3E305E4CC}"
EndProject
Project("{FAE04EC0-301F-11D3-BF4B-00C04F79EFBC}") = "Ventas.iOS", "Ventas\Ventas.iOS\Ventas.iOS.csproj", "{13059516-B9AA-4583-9B2F-3B7D61E7B67D}"
EndProject
Project("{9A19103F-16F7-4668-BE54-9A1E7A4F7556}") = "Ventas", "Ventas\Ventas\Ventas.csproj", "{5D3C7D6B-B9A5-4C2C-B1F3-3C6E94175C33}"
EndProject
Project("{FAE04EC0-301F-11D3-BF4B-00C04F79EFBC}") = "Ventas.Backend", "Ventas.Backend\Ventas.Backend.csproj", "{0CEDEE0F-DC12-4DAE-BC61-D959B1B35D44}"
EndProject
Project("{FAE04EC0-301F-11D3-BF4B-00C04F79EFBC}") = "Ventas.Domain", "Ventas.Domain\Ventas.Domain.csproj", "{DACF33B3-E970-4F2E-89D6-B9484263ECD2}"
EndProject
Project("{FAE04EC0-301F-11D3-BF4B-00C04F79EFBC}") = "Ventas.Common", "Ventas.Common\Ventas.Common.csproj", "{3CE3FDD8-2E28-4D91-9323-4E43496AACFC}"
EndProject
Project("{FAE04EC0-301F-11D3-BF4B-00C04F79EFBC}") = "Ventas.API", "Ventas.API\Ventas.API.csproj", "{46112758-3CE3-4E71-B76D-332B7B0AE08B}"
EndProject
Global
	GlobalSection(SolutionConfigurationPlatforms) = preSolution
		Debug|Any CPU = Debug|Any CPU
		Debug|ARM = Debug|ARM
		Debug|iPhone = Debug|iPhone
		Debug|iPhoneSimulator = Debug|iPhoneSimulator
		Debug|x64 = Debug|x64
		Debug|x86 = Debug|x86
		Release|Any CPU = Release|Any CPU
		Release|ARM = Release|ARM
		Release|iPhone = Release|iPhone
		Release|iPhoneSimulator = Release|iPhoneSimulator
		Release|x64 = Release|x64
		Release|x86 = Release|x86
	EndGlobalSection
	GlobalSection(ProjectConfigurationPlatforms) = postSolution
		{6B18FAA5-78F5-4D4A-943E-272197E1BD07}.Debug|Any CPU.ActiveCfg = Debug|x64
		{6B18FAA5-78F5-4D4A-943E-272197E1BD07}.Debug|Any CPU.Build.0 = Debug|x64
		{6B18FAA5-78F5-4D4A-943E-272197E1BD07}.Debug|Any CPU.Deploy.0 = Debug|x64
		{6B18FAA5-78F5-4D4A-943E-272197E1BD07}.Debug|ARM.ActiveCfg = Debug|ARM
		{6B18FAA5-78F5-4D4A-943E-272197E1BD07}.Debug|ARM.Build.0 = Debug|ARM
		{6B18FAA5-78F5-4D4A-943E-272197E1BD07}.Debug|ARM.Deploy.0 = Debug|ARM
		{6B18FAA5-78F5-4D4A-943E-272197E1BD07}.Debug|iPhone.ActiveCfg = Debug|x64
		{6B18FAA5-78F5-4D4A-943E-272197E1BD07}.Debug|iPhone.Build.0 = Debug|x64
		{6B18FAA5-78F5-4D4A-943E-272197E1BD07}.Debug|iPhone.Deploy.0 = Debug|x64
		{6B18FAA5-78F5-4D4A-943E-272197E1BD07}.Debug|iPhoneSimulator.ActiveCfg = Debug|x64
		{6B18FAA5-78F5-4D4A-943E-272197E1BD07}.Debug|iPhoneSimulator.Build.0 = Debug|x64
		{6B18FAA5-78F5-4D4A-943E-272197E1BD07}.Debug|iPhoneSimulator.Deploy.0 = Debug|x64
		{6B18FAA5-78F5-4D4A-943E-272197E1BD07}.Debug|x64.ActiveCfg = Debug|x64
		{6B18FAA5-78F5-4D4A-943E-272197E1BD07}.Debug|x64.Build.0 = Debug|x64
		{6B18FAA5-78F5-4D4A-943E-272197E1BD07}.Debug|x64.Deploy.0 = Debug|x64
		{6B18FAA5-78F5-4D4A-943E-272197E1BD07}.Debug|x86.ActiveCfg = Debug|x86
		{6B18FAA5-78F5-4D4A-943E-272197E1BD07}.Debug|x86.Build.0 = Debug|x86
		{6B18FAA5-78F5-4D4A-943E-272197E1BD07}.Debug|x86.Deploy.0 = Debug|x86
		{6B18FAA5-78F5-4D4A-943E-272197E1BD07}.Release|Any CPU.ActiveCfg = Release|x64
		{6B18FAA5-78F5-4D4A-943E-272197E1BD07}.Release|Any CPU.Build.0 = Release|x64
		{6B18FAA5-78F5-4D4A-943E-272197E1BD07}.Release|Any CPU.Deploy.0 = Release|x64
		{6B18FAA5-78F5-4D4A-943E-272197E1BD07}.Release|ARM.ActiveCfg = Release|ARM
		{6B18FAA5-78F5-4D4A-943E-272197E1BD07}.Release|ARM.Build.0 = Release|ARM
		{6B18FAA5-78F5-4D4A-943E-272197E1BD07}.Release|ARM.Deploy.0 = Release|ARM
		{6B18FAA5-78F5-4D4A-943E-272197E1BD07}.Release|iPhone.ActiveCfg = Release|x64
		{6B18FAA5-78F5-4D4A-943E-272197E1BD07}.Release|iPhone.Build.0 = Release|x64
		{6B18FAA5-78F5-4D4A-943E-272197E1BD07}.Release|iPhone.Deploy.0 = Release|x64
		{6B18FAA5-78F5-4D4A-943E-272197E1BD07}.Release|iPhoneSimulator.ActiveCfg = Release|x64
		{6B18FAA5-78F5-4D4A-943E-272197E1BD07}.Release|iPhoneSimulator.Build.0 = Release|x64
		{6B18FAA5-78F5-4D4A-943E-272197E1BD07}.Release|iPhoneSimulator.Deploy.0 = Release|x64
		{6B18FAA5-78F5-4D4A-943E-272197E1BD07}.Release|x64.ActiveCfg = Release|x64
		{6B18FAA5-78F5-4D4A-943E-272197E1BD07}.Release|x64.Build.0 = Release|x64
		{6B18FAA5-78F5-4D4A-943E-272197E1BD07}.Release|x64.Deploy.0 = Release|x64
		{6B18FAA5-78F5-4D4A-943E-272197E1BD07}.Release|x86.ActiveCfg = Release|x86
		{6B18FAA5-78F5-4D4A-943E-272197E1BD07}.Release|x86.Build.0 = Release|x86
		{6B18FAA5-78F5-4D4A-943E-272197E1BD07}.Release|x86.Deploy.0 = Release|x86
		{8B9779E2-EFA5-42C5-AFE0-92D3E305E4CC}.Debug|Any CPU.ActiveCfg = Debug|Any CPU
		{8B9779E2-EFA5-42C5-AFE0-92D3E305E4CC}.Debug|Any CPU.Build.0 = Debug|Any CPU
		{8B9779E2-EFA5-42C5-AFE0-92D3E305E4CC}.Debug|Any CPU.Deploy.0 = Debug|Any CPU
		{8B9779E2-EFA5-42C5-AFE0-92D3E305E4CC}.Debug|ARM.ActiveCfg = Debug|Any CPU
		{8B9779E2-EFA5-42C5-AFE0-92D3E305E4CC}.Debug|ARM.Build.0 = Debug|Any CPU
		{8B9779E2-EFA5-42C5-AFE0-92D3E305E4CC}.Debug|ARM.Deploy.0 = Debug|Any CPU
		{8B9779E2-EFA5-42C5-AFE0-92D3E305E4CC}.Debug|iPhone.ActiveCfg = Debug|Any CPU
		{8B9779E2-EFA5-42C5-AFE0-92D3E305E4CC}.Debug|iPhone.Build.0 = Debug|Any CPU
		{8B9779E2-EFA5-42C5-AFE0-92D3E305E4CC}.Debug|iPhone.Deploy.0 = Debug|Any CPU
		{8B9779E2-EFA5-42C5-AFE0-92D3E305E4CC}.Debug|iPhoneSimulator.ActiveCfg = Debug|Any CPU
		{8B9779E2-EFA5-42C5-AFE0-92D3E305E4CC}.Debug|iPhoneSimulator.Build.0 = Debug|Any CPU
		{8B9779E2-EFA5-42C5-AFE0-92D3E305E4CC}.Debug|iPhoneSimulator.Deploy.0 = Debug|Any CPU
		{8B9779E2-EFA5-42C5-AFE0-92D3E305E4CC}.Debug|x64.ActiveCfg = Debug|Any CPU
		{8B9779E2-EFA5-42C5-AFE0-92D3E305E4CC}.Debug|x64.Build.0 = Debug|Any CPU
		{8B9779E2-EFA5-42C5-AFE0-92D3E305E4CC}.Debug|x64.Deploy.0 = Debug|Any CPU
		{8B9779E2-EFA5-42C5-AFE0-92D3E305E4CC}.Debug|x86.ActiveCfg = Debug|Any CPU
		{8B9779E2-EFA5-42C5-AFE0-92D3E305E4CC}.Debug|x86.Build.0 = Debug|Any CPU
		{8B9779E2-EFA5-42C5-AFE0-92D3E305E4CC}.Debug|x86.Deploy.0 = Debug|Any CPU
		{8B9779E2-EFA5-42C5-AFE0-92D3E305E4CC}.Release|Any CPU.ActiveCfg = Release|Any CPU
		{8B9779E2-EFA5-42C5-AFE0-92D3E305E4CC}.Release|Any CPU.Build.0 = Release|Any CPU
		{8B9779E2-EFA5-42C5-AFE0-92D3E305E4CC}.Release|Any CPU.Deploy.0 = Release|Any CPU
		{8B9779E2-EFA5-42C5-AFE0-92D3E305E4CC}.Release|ARM.ActiveCfg = Release|Any CPU
		{8B9779E2-EFA5-42C5-AFE0-92D3E305E4CC}.Release|ARM.Build.0 = Release|Any CPU
		{8B9779E2-EFA5-42C5-AFE0-92D3E305E4CC}.Release|ARM.Deploy.0 = Release|Any CPU
		{8B9779E2-EFA5-42C5-AFE0-92D3E305E4CC}.Release|iPhone.ActiveCfg = Release|Any CPU
		{8B9779E2-EFA5-42C5-AFE0-92D3E305E4CC}.Release|iPhone.Build.0 = Release|Any CPU
		{8B9779E2-EFA5-42C5-AFE0-92D3E305E4CC}.Release|iPhone.Deploy.0 = Release|Any CPU
		{8B9779E2-EFA5-42C5-AFE0-92D3E305E4CC}.Release|iPhoneSimulator.ActiveCfg = Release|Any CPU
		{8B9779E2-EFA5-42C5-AFE0-92D3E305E4CC}.Release|iPhoneSimulator.Build.0 = Release|Any CPU
		{8B9779E2-EFA5-42C5-AFE0-92D3E305E4CC}.Release|iPhoneSimulator.Deploy.0 = Release|Any CPU
		{8B9779E2-EFA5-42C5-AFE0-92D3E305E4CC}.Release|x64.ActiveCfg = Release|Any CPU
		{8B9779E2-EFA5-42C5-AFE0-92D3E305E4CC}.Release|x64.Build.0 = Release|Any CPU
		{8B9779E2-EFA5-42C5-AFE0-92D3E305E4CC}.Release|x64.Deploy.0 = Release|Any CPU
		{8B9779E2-EFA5-42C5-AFE0-92D3E305E4CC}.Release|x86.ActiveCfg = Release|Any CPU
		{8B9779E2-EFA5-42C5-AFE0-92D3E305E4CC}.Release|x86.Build.0 = Release|Any CPU
		{8B9779E2-EFA5-42C5-AFE0-92D3E305E4CC}.Release|x86.Deploy.0 = Release|Any CPU
		{13059516-B9AA-4583-9B2F-3B7D61E7B67D}.Debug|Any CPU.ActiveCfg = Debug|iPhoneSimulator
		{13059516-B9AA-4583-9B2F-3B7D61E7B67D}.Debug|Any CPU.Build.0 = Debug|iPhoneSimulator
		{13059516-B9AA-4583-9B2F-3B7D61E7B67D}.Debug|Any CPU.Deploy.0 = Debug|iPhoneSimulator
		{13059516-B9AA-4583-9B2F-3B7D61E7B67D}.Debug|ARM.ActiveCfg = Debug|iPhoneSimulator
		{13059516-B9AA-4583-9B2F-3B7D61E7B67D}.Debug|ARM.Build.0 = Debug|iPhoneSimulator
		{13059516-B9AA-4583-9B2F-3B7D61E7B67D}.Debug|ARM.Deploy.0 = Debug|iPhoneSimulator
		{13059516-B9AA-4583-9B2F-3B7D61E7B67D}.Debug|iPhone.ActiveCfg = Debug|iPhone
		{13059516-B9AA-4583-9B2F-3B7D61E7B67D}.Debug|iPhone.Build.0 = Debug|iPhone
		{13059516-B9AA-4583-9B2F-3B7D61E7B67D}.Debug|iPhone.Deploy.0 = Debug|iPhone
		{13059516-B9AA-4583-9B2F-3B7D61E7B67D}.Debug|iPhoneSimulator.ActiveCfg = Debug|iPhoneSimulator
		{13059516-B9AA-4583-9B2F-3B7D61E7B67D}.Debug|iPhoneSimulator.Build.0 = Debug|iPhoneSimulator
		{13059516-B9AA-4583-9B2F-3B7D61E7B67D}.Debug|iPhoneSimulator.Deploy.0 = Debug|iPhoneSimulator
		{13059516-B9AA-4583-9B2F-3B7D61E7B67D}.Debug|x64.ActiveCfg = Debug|iPhone
		{13059516-B9AA-4583-9B2F-3B7D61E7B67D}.Debug|x64.Build.0 = Debug|iPhone
		{13059516-B9AA-4583-9B2F-3B7D61E7B67D}.Debug|x64.Deploy.0 = Debug|iPhone
		{13059516-B9AA-4583-9B2F-3B7D61E7B67D}.Debug|x86.ActiveCfg = Debug|iPhoneSimulator
		{13059516-B9AA-4583-9B2F-3B7D61E7B67D}.Debug|x86.Build.0 = Debug|iPhoneSimulator
		{13059516-B9AA-4583-9B2F-3B7D61E7B67D}.Debug|x86.Deploy.0 = Debug|iPhoneSimulator
		{13059516-B9AA-4583-9B2F-3B7D61E7B67D}.Release|Any CPU.ActiveCfg = Release|iPhoneSimulator
		{13059516-B9AA-4583-9B2F-3B7D61E7B67D}.Release|Any CPU.Build.0 = Release|iPhoneSimulator
		{13059516-B9AA-4583-9B2F-3B7D61E7B67D}.Release|Any CPU.Deploy.0 = Release|iPhoneSimulator
		{13059516-B9AA-4583-9B2F-3B7D61E7B67D}.Release|ARM.ActiveCfg = Release|iPhoneSimulator
		{13059516-B9AA-4583-9B2F-3B7D61E7B67D}.Release|ARM.Build.0 = Release|iPhoneSimulator
		{13059516-B9AA-4583-9B2F-3B7D61E7B67D}.Release|ARM.Deploy.0 = Release|iPhoneSimulator
		{13059516-B9AA-4583-9B2F-3B7D61E7B67D}.Release|iPhone.ActiveCfg = Release|iPhone
		{13059516-B9AA-4583-9B2F-3B7D61E7B67D}.Release|iPhone.Build.0 = Release|iPhone
		{13059516-B9AA-4583-9B2F-3B7D61E7B67D}.Release|iPhone.Deploy.0 = Release|iPhone
		{13059516-B9AA-4583-9B2F-3B7D61E7B67D}.Release|iPhoneSimulator.ActiveCfg = Release|iPhoneSimulator
		{13059516-B9AA-4583-9B2F-3B7D61E7B67D}.Release|iPhoneSimulator.Build.0 = Release|iPhoneSimulator
		{13059516-B9AA-4583-9B2F-3B7D61E7B67D}.Release|iPhoneSimulator.Deploy.0 = Release|iPhoneSimulator
		{13059516-B9AA-4583-9B2F-3B7D61E7B67D}.Release|x64.ActiveCfg = Release|iPhoneSimulator
		{13059516-B9AA-4583-9B2F-3B7D61E7B67D}.Release|x64.Build.0 = Release|iPhoneSimulator
		{13059516-B9AA-4583-9B2F-3B7D61E7B67D}.Release|x64.Deploy.0 = Release|iPhoneSimulator
		{13059516-B9AA-4583-9B2F-3B7D61E7B67D}.Release|x86.ActiveCfg = Release|iPhoneSimulator
		{13059516-B9AA-4583-9B2F-3B7D61E7B67D}.Release|x86.Build.0 = Release|iPhoneSimulator
		{13059516-B9AA-4583-9B2F-3B7D61E7B67D}.Release|x86.Deploy.0 = Release|iPhoneSimulator
		{5D3C7D6B-B9A5-4C2C-B1F3-3C6E94175C33}.Debug|Any CPU.ActiveCfg = Debug|Any CPU
		{5D3C7D6B-B9A5-4C2C-B1F3-3C6E94175C33}.Debug|Any CPU.Build.0 = Debug|Any CPU
		{5D3C7D6B-B9A5-4C2C-B1F3-3C6E94175C33}.Debug|Any CPU.Deploy.0 = Debug|Any CPU
		{5D3C7D6B-B9A5-4C2C-B1F3-3C6E94175C33}.Debug|ARM.ActiveCfg = Debug|Any CPU
		{5D3C7D6B-B9A5-4C2C-B1F3-3C6E94175C33}.Debug|ARM.Build.0 = Debug|Any CPU
		{5D3C7D6B-B9A5-4C2C-B1F3-3C6E94175C33}.Debug|ARM.Deploy.0 = Debug|Any CPU
		{5D3C7D6B-B9A5-4C2C-B1F3-3C6E94175C33}.Debug|iPhone.ActiveCfg = Debug|Any CPU
		{5D3C7D6B-B9A5-4C2C-B1F3-3C6E94175C33}.Debug|iPhone.Build.0 = Debug|Any CPU
		{5D3C7D6B-B9A5-4C2C-B1F3-3C6E94175C33}.Debug|iPhone.Deploy.0 = Debug|Any CPU
		{5D3C7D6B-B9A5-4C2C-B1F3-3C6E94175C33}.Debug|iPhoneSimulator.ActiveCfg = Debug|Any CPU
		{5D3C7D6B-B9A5-4C2C-B1F3-3C6E94175C33}.Debug|iPhoneSimulator.Build.0 = Debug|Any CPU
		{5D3C7D6B-B9A5-4C2C-B1F3-3C6E94175C33}.Debug|iPhoneSimulator.Deploy.0 = Debug|Any CPU
		{5D3C7D6B-B9A5-4C2C-B1F3-3C6E94175C33}.Debug|x64.ActiveCfg = Debug|Any CPU
		{5D3C7D6B-B9A5-4C2C-B1F3-3C6E94175C33}.Debug|x64.Build.0 = Debug|Any CPU
		{5D3C7D6B-B9A5-4C2C-B1F3-3C6E94175C33}.Debug|x64.Deploy.0 = Debug|Any CPU
		{5D3C7D6B-B9A5-4C2C-B1F3-3C6E94175C33}.Debug|x86.ActiveCfg = Debug|Any CPU
		{5D3C7D6B-B9A5-4C2C-B1F3-3C6E94175C33}.Debug|x86.Build.0 = Debug|Any CPU
		{5D3C7D6B-B9A5-4C2C-B1F3-3C6E94175C33}.Debug|x86.Deploy.0 = Debug|Any CPU
		{5D3C7D6B-B9A5-4C2C-B1F3-3C6E94175C33}.Release|Any CPU.ActiveCfg = Release|Any CPU
		{5D3C7D6B-B9A5-4C2C-B1F3-3C6E94175C33}.Release|Any CPU.Build.0 = Release|Any CPU
		{5D3C7D6B-B9A5-4C2C-B1F3-3C6E94175C33}.Release|Any CPU.Deploy.0 = Release|Any CPU
		{5D3C7D6B-B9A5-4C2C-B1F3-3C6E94175C33}.Release|ARM.ActiveCfg = Release|Any CPU
		{5D3C7D6B-B9A5-4C2C-B1F3-3C6E94175C33}.Release|ARM.Build.0 = Release|Any CPU
		{5D3C7D6B-B9A5-4C2C-B1F3-3C6E94175C33}.Release|ARM.Deploy.0 = Release|Any CPU
		{5D3C7D6B-B9A5-4C2C-B1F3-3C6E94175C33}.Release|iPhone.ActiveCfg = Release|Any CPU
		{5D3C7D6B-B9A5-4C2C-B1F3-3C6E94175C33}.Release|iPhone.Build.0 = Release|Any CPU
		{5D3C7D6B-B9A5-4C2C-B1F3-3C6E94175C33}.Release|iPhone.Deploy.0 = Release|Any CPU
		{5D3C7D6B-B9A5-4C2C-B1F3-3C6E94175C33}.Release|iPhoneSimulator.ActiveCfg = Release|Any CPU
		{5D3C7D6B-B9A5-4C2C-B1F3-3C6E94175C33}.Release|iPhoneSimulator.Build.0 = Release|Any CPU
		{5D3C7D6B-B9A5-4C2C-B1F3-3C6E94175C33}.Release|iPhoneSimulator.Deploy.0 = Release|Any CPU
		{5D3C7D6B-B9A5-4C2C-B1F3-3C6E94175C33}.Release|x64.ActiveCfg = Release|Any CPU
		{5D3C7D6B-B9A5-4C2C-B1F3-3C6E94175C33}.Release|x64.Build.0 = Release|Any CPU
		{5D3C7D6B-B9A5-4C2C-B1F3-3C6E94175C33}.Release|x64.Deploy.0 = Release|Any CPU
		{5D3C7D6B-B9A5-4C2C-B1F3-3C6E94175C33}.Release|x86.ActiveCfg = Release|Any CPU
		{5D3C7D6B-B9A5-4C2C-B1F3-3C6E94175C33}.Release|x86.Build.0 = Release|Any CPU
		{5D3C7D6B-B9A5-4C2C-B1F3-3C6E94175C33}.Release|x86.Deploy.0 = Release|Any CPU
		{0CEDEE0F-DC12-4DAE-BC61-D959B1B35D44}.Debug|Any CPU.ActiveCfg = Debug|Any CPU
		{0CEDEE0F-DC12-4DAE-BC61-D959B1B35D44}.Debug|Any CPU.Build.0 = Debug|Any CPU
		{0CEDEE0F-DC12-4DAE-BC61-D959B1B35D44}.Debug|ARM.ActiveCfg = Debug|Any CPU
		{0CEDEE0F-DC12-4DAE-BC61-D959B1B35D44}.Debug|ARM.Build.0 = Debug|Any CPU
		{0CEDEE0F-DC12-4DAE-BC61-D959B1B35D44}.Debug|iPhone.ActiveCfg = Debug|Any CPU
		{0CEDEE0F-DC12-4DAE-BC61-D959B1B35D44}.Debug|iPhone.Build.0 = Debug|Any CPU
		{0CEDEE0F-DC12-4DAE-BC61-D959B1B35D44}.Debug|iPhoneSimulator.ActiveCfg = Debug|Any CPU
		{0CEDEE0F-DC12-4DAE-BC61-D959B1B35D44}.Debug|iPhoneSimulator.Build.0 = Debug|Any CPU
		{0CEDEE0F-DC12-4DAE-BC61-D959B1B35D44}.Debug|x64.ActiveCfg = Debug|Any CPU
		{0CEDEE0F-DC12-4DAE-BC61-D959B1B35D44}.Debug|x64.Build.0 = Debug|Any CPU
		{0CEDEE0F-DC12-4DAE-BC61-D959B1B35D44}.Debug|x86.ActiveCfg = Debug|Any CPU
		{0CEDEE0F-DC12-4DAE-BC61-D959B1B35D44}.Debug|x86.Build.0 = Debug|Any CPU
		{0CEDEE0F-DC12-4DAE-BC61-D959B1B35D44}.Release|Any CPU.ActiveCfg = Release|Any CPU
		{0CEDEE0F-DC12-4DAE-BC61-D959B1B35D44}.Release|Any CPU.Build.0 = Release|Any CPU
		{0CEDEE0F-DC12-4DAE-BC61-D959B1B35D44}.Release|ARM.ActiveCfg = Release|Any CPU
		{0CEDEE0F-DC12-4DAE-BC61-D959B1B35D44}.Release|ARM.Build.0 = Release|Any CPU
		{0CEDEE0F-DC12-4DAE-BC61-D959B1B35D44}.Release|iPhone.ActiveCfg = Release|Any CPU
		{0CEDEE0F-DC12-4DAE-BC61-D959B1B35D44}.Release|iPhone.Build.0 = Release|Any CPU
		{0CEDEE0F-DC12-4DAE-BC61-D959B1B35D44}.Release|iPhoneSimulator.ActiveCfg = Release|Any CPU
		{0CEDEE0F-DC12-4DAE-BC61-D959B1B35D44}.Release|iPhoneSimulator.Build.0 = Release|Any CPU
		{0CEDEE0F-DC12-4DAE-BC61-D959B1B35D44}.Release|x64.ActiveCfg = Release|Any CPU
		{0CEDEE0F-DC12-4DAE-BC61-D959B1B35D44}.Release|x64.Build.0 = Release|Any CPU
		{0CEDEE0F-DC12-4DAE-BC61-D959B1B35D44}.Release|x86.ActiveCfg = Release|Any CPU
		{0CEDEE0F-DC12-4DAE-BC61-D959B1B35D44}.Release|x86.Build.0 = Release|Any CPU
		{DACF33B3-E970-4F2E-89D6-B9484263ECD2}.Debug|Any CPU.ActiveCfg = Debug|Any CPU
		{DACF33B3-E970-4F2E-89D6-B9484263ECD2}.Debug|Any CPU.Build.0 = Debug|Any CPU
		{DACF33B3-E970-4F2E-89D6-B9484263ECD2}.Debug|ARM.ActiveCfg = Debug|Any CPU
		{DACF33B3-E970-4F2E-89D6-B9484263ECD2}.Debug|ARM.Build.0 = Debug|Any CPU
		{DACF33B3-E970-4F2E-89D6-B9484263ECD2}.Debug|iPhone.ActiveCfg = Debug|Any CPU
		{DACF33B3-E970-4F2E-89D6-B9484263ECD2}.Debug|iPhone.Build.0 = Debug|Any CPU
		{DACF33B3-E970-4F2E-89D6-B9484263ECD2}.Debug|iPhoneSimulator.ActiveCfg = Debug|Any CPU
		{DACF33B3-E970-4F2E-89D6-B9484263ECD2}.Debug|iPhoneSimulator.Build.0 = Debug|Any CPU
		{DACF33B3-E970-4F2E-89D6-B9484263ECD2}.Debug|x64.ActiveCfg = Debug|Any CPU
		{DACF33B3-E970-4F2E-89D6-B9484263ECD2}.Debug|x64.Build.0 = Debug|Any CPU
		{DACF33B3-E970-4F2E-89D6-B9484263ECD2}.Debug|x86.ActiveCfg = Debug|Any CPU
		{DACF33B3-E970-4F2E-89D6-B9484263ECD2}.Debug|x86.Build.0 = Debug|Any CPU
		{DACF33B3-E970-4F2E-89D6-B9484263ECD2}.Release|Any CPU.ActiveCfg = Release|Any CPU
		{DACF33B3-E970-4F2E-89D6-B9484263ECD2}.Release|Any CPU.Build.0 = Release|Any CPU
		{DACF33B3-E970-4F2E-89D6-B9484263ECD2}.Release|ARM.ActiveCfg = Release|Any CPU
		{DACF33B3-E970-4F2E-89D6-B9484263ECD2}.Release|ARM.Build.0 = Release|Any CPU
		{DACF33B3-E970-4F2E-89D6-B9484263ECD2}.Release|iPhone.ActiveCfg = Release|Any CPU
		{DACF33B3-E970-4F2E-89D6-B9484263ECD2}.Release|iPhone.Build.0 = Release|Any CPU
		{DACF33B3-E970-4F2E-89D6-B9484263ECD2}.Release|iPhoneSimulator.ActiveCfg = Release|Any CPU
		{DACF33B3-E970-4F2E-89D6-B9484263ECD2}.Release|iPhoneSimulator.Build.0 = Release|Any CPU
		{DACF33B3-E970-4F2E-89D6-B9484263ECD2}.Release|x64.ActiveCfg = Release|Any CPU
		{DACF33B3-E970-4F2E-89D6-B9484263ECD2}.Release|x64.Build.0 = Release|Any CPU
		{DACF33B3-E970-4F2E-89D6-B9484263ECD2}.Release|x86.ActiveCfg = Release|Any CPU
		{DACF33B3-E970-4F2E-89D6-B9484263ECD2}.Release|x86.Build.0 = Release|Any CPU
		{3CE3FDD8-2E28-4D91-9323-4E43496AACFC}.Debug|Any CPU.ActiveCfg = Debug|Any CPU
		{3CE3FDD8-2E28-4D91-9323-4E43496AACFC}.Debug|Any CPU.Build.0 = Debug|Any CPU
		{3CE3FDD8-2E28-4D91-9323-4E43496AACFC}.Debug|ARM.ActiveCfg = Debug|Any CPU
		{3CE3FDD8-2E28-4D91-9323-4E43496AACFC}.Debug|ARM.Build.0 = Debug|Any CPU
		{3CE3FDD8-2E28-4D91-9323-4E43496AACFC}.Debug|iPhone.ActiveCfg = Debug|Any CPU
		{3CE3FDD8-2E28-4D91-9323-4E43496AACFC}.Debug|iPhone.Build.0 = Debug|Any CPU
		{3CE3FDD8-2E28-4D91-9323-4E43496AACFC}.Debug|iPhoneSimulator.ActiveCfg = Debug|Any CPU
		{3CE3FDD8-2E28-4D91-9323-4E43496AACFC}.Debug|iPhoneSimulator.Build.0 = Debug|Any CPU
		{3CE3FDD8-2E28-4D91-9323-4E43496AACFC}.Debug|x64.ActiveCfg = Debug|Any CPU
		{3CE3FDD8-2E28-4D91-9323-4E43496AACFC}.Debug|x64.Build.0 = Debug|Any CPU
		{3CE3FDD8-2E28-4D91-9323-4E43496AACFC}.Debug|x86.ActiveCfg = Debug|Any CPU
		{3CE3FDD8-2E28-4D91-9323-4E43496AACFC}.Debug|x86.Build.0 = Debug|Any CPU
		{3CE3FDD8-2E28-4D91-9323-4E43496AACFC}.Release|Any CPU.ActiveCfg = Release|Any CPU
		{3CE3FDD8-2E28-4D91-9323-4E43496AACFC}.Release|Any CPU.Build.0 = Release|Any CPU
		{3CE3FDD8-2E28-4D91-9323-4E43496AACFC}.Release|ARM.ActiveCfg = Release|Any CPU
		{3CE3FDD8-2E28-4D91-9323-4E43496AACFC}.Release|ARM.Build.0 = Release|Any CPU
		{3CE3FDD8-2E28-4D91-9323-4E43496AACFC}.Release|iPhone.ActiveCfg = Release|Any CPU
		{3CE3FDD8-2E28-4D91-9323-4E43496AACFC}.Release|iPhone.Build.0 = Release|Any CPU
		{3CE3FDD8-2E28-4D91-9323-4E43496AACFC}.Release|iPhoneSimulator.ActiveCfg = Release|Any CPU
		{3CE3FDD8-2E28-4D91-9323-4E43496AACFC}.Release|iPhoneSimulator.Build.0 = Release|Any CPU
		{3CE3FDD8-2E28-4D91-9323-4E43496AACFC}.Release|x64.ActiveCfg = Release|Any CPU
		{3CE3FDD8-2E28-4D91-9323-4E43496AACFC}.Release|x64.Build.0 = Release|Any CPU
		{3CE3FDD8-2E28-4D91-9323-4E43496AACFC}.Release|x86.ActiveCfg = Release|Any CPU
		{3CE3FDD8-2E28-4D91-9323-4E43496AACFC}.Release|x86.Build.0 = Release|Any CPU
		{46112758-3CE3-4E71-B76D-332B7B0AE08B}.Debug|Any CPU.ActiveCfg = Debug|Any CPU
		{46112758-3CE3-4E71-B76D-332B7B0AE08B}.Debug|Any CPU.Build.0 = Debug|Any CPU
		{46112758-3CE3-4E71-B76D-332B7B0AE08B}.Debug|ARM.ActiveCfg = Debug|Any CPU
		{46112758-3CE3-4E71-B76D-332B7B0AE08B}.Debug|ARM.Build.0 = Debug|Any CPU
		{46112758-3CE3-4E71-B76D-332B7B0AE08B}.Debug|iPhone.ActiveCfg = Debug|Any CPU
		{46112758-3CE3-4E71-B76D-332B7B0AE08B}.Debug|iPhone.Build.0 = Debug|Any CPU
		{46112758-3CE3-4E71-B76D-332B7B0AE08B}.Debug|iPhoneSimulator.ActiveCfg = Debug|Any CPU
		{46112758-3CE3-4E71-B76D-332B7B0AE08B}.Debug|iPhoneSimulator.Build.0 = Debug|Any CPU
		{46112758-3CE3-4E71-B76D-332B7B0AE08B}.Debug|x64.ActiveCfg = Debug|Any CPU
		{46112758-3CE3-4E71-B76D-332B7B0AE08B}.Debug|x64.Build.0 = Debug|Any CPU
		{46112758-3CE3-4E71-B76D-332B7B0AE08B}.Debug|x86.ActiveCfg = Debug|Any CPU
		{46112758-3CE3-4E71-B76D-332B7B0AE08B}.Debug|x86.Build.0 = Debug|Any CPU
		{46112758-3CE3-4E71-B76D-332B7B0AE08B}.Release|Any CPU.ActiveCfg = Release|Any CPU
		{46112758-3CE3-4E71-B76D-332B7B0AE08B}.Release|Any CPU.Build.0 = Release|Any CPU
		{46112758-3CE3-4E71-B76D-332B7B0AE08B}.Release|ARM.ActiveCfg = Release|Any CPU
		{46112758-3CE3-4E71-B76D-332B7B0AE08B}.Release|ARM.Build.0 = Release|Any CPU
		{46112758-3CE3-4E71-B76D-332B7B0AE08B}.Release|iPhone.ActiveCfg = Release|Any CPU
		{46112758-3CE3-4E71-B76D-332B7B0AE08B}.Release|iPhone.Build.0 = Release|Any CPU
		{46112758-3CE3-4E71-B76D-332B7B0AE08B}.Release|iPhoneSimulator.ActiveCfg = Release|Any CPU
		{46112758-3CE3-4E71-B76D-332B7B0AE08B}.Release|iPhoneSimulator.Build.0 = Release|Any CPU
		{46112758-3CE3-4E71-B76D-332B7B0AE08B}.Release|x64.ActiveCfg = Release|Any CPU
		{46112758-3CE3-4E71-B76D-332B7B0AE08B}.Release|x64.Build.0 = Release|Any CPU
		{46112758-3CE3-4E71-B76D-332B7B0AE08B}.Release|x86.ActiveCfg = Release|Any CPU
		{46112758-3CE3-4E71-B76D-332B7B0AE08B}.Release|x86.Build.0 = Release|Any CPU
	EndGlobalSection
	GlobalSection(SolutionProperties) = preSolution
		HideSolutionNode = FALSE
	EndGlobalSection
	GlobalSection(ExtensibilityGlobals) = postSolution
		SolutionGuid = {32EAEBAA-8346-4F9A-B5B9-10303C64B217}
	EndGlobalSection
EndGlobal
